
Microsoft Visual Studio Solution File, Format Version 12.00
# Visual Studio Version 17
VisualStudioVersion = 17.7.34024.191
MinimumVisualStudioVersion = 10.0.40219.1
Project("{FAE04EC0-301F-11D3-BF4B-00C04F79EFBC}") = "Praktis", "Praktis\Praktis.csproj", "{F9225B8C-1416-4BBB-856B-B3E4EAD612C2}"
EndProject
Global
	GlobalSection(SolutionConfigurationPlatforms) = preSolution
		Debug|Any CPU = Debug|Any CPU
		Release|Any CPU = Release|Any CPU
	EndGlobalSection
	GlobalSection(ProjectConfigurationPlatforms) = postSolution
		{F9225B8C-1416-4BBB-856B-B3E4EAD612C2}.Debug|Any CPU.ActiveCfg = Debug|Any CPU
		{F9225B8C-1416-4BBB-856B-B3E4EAD612C2}.Debug|Any CPU.Build.0 = Debug|Any CPU
		{F9225B8C-1416-4BBB-856B-B3E4EAD612C2}.Release|Any CPU.ActiveCfg = Release|Any CPU
		{F9225B8C-1416-4BBB-856B-B3E4EAD612C2}.Release|Any CPU.Build.0 = Release|Any CPU
	EndGlobalSection
	GlobalSection(SolutionProperties) = preSolution
		HideSolutionNode = FALSE
	EndGlobalSection
	GlobalSection(ExtensibilityGlobals) = postSolution
		SolutionGuid = {231AA5CC-90F2-49C5-99E2-6942ADD5500D}
	EndGlobalSection
EndGlobal
